
Microsoft Visual Studio Solution File, Format Version 12.00
Project("{FAE04EC0-301F-11D3-BF4B-00C04F79EFBC}") = "BestosoTaskTracker", "BestosoTaskTracker\BestosoTaskTracker.csproj", "{FBDB43FE-CEFE-4EC8-A77F-2D96AF790B7D}"
EndProject
Global
	GlobalSection(SolutionConfigurationPlatforms) = preSolution
		Debug|Any CPU = Debug|Any CPU
		Release|Any CPU = Release|Any CPU
	EndGlobalSection
	GlobalSection(ProjectConfigurationPlatforms) = postSolution
		{FBDB43FE-CEFE-4EC8-A77F-2D96AF790B7D}.Debug|Any CPU.ActiveCfg = Debug|Any CPU
		{FBDB43FE-CEFE-4EC8-A77F-2D96AF790B7D}.Debug|Any CPU.Build.0 = Debug|Any CPU
		{FBDB43FE-CEFE-4EC8-A77F-2D96AF790B7D}.Release|Any CPU.ActiveCfg = Release|Any CPU
		{FBDB43FE-CEFE-4EC8-A77F-2D96AF790B7D}.Release|Any CPU.Build.0 = Release|Any CPU
	EndGlobalSection
EndGlobal
